
Microsoft Visual Studio Solution File, Format Version 12.00
# Visual Studio Version 17
VisualStudioVersion = 17.6.33723.286
MinimumVisualStudioVersion = 10.0.40219.1
Project("{FAE04EC0-301F-11D3-BF4B-00C04F79EFBC}") = "SuperHerosTShits_PS", "SuperHerosTShits_PS\SuperHerosTShits_PS.csproj", "{31676B66-3C75-42B4-BD0A-AC0187032B19}"
EndProject
Global
	GlobalSection(SolutionConfigurationPlatforms) = preSolution
		Debug|Any CPU = Debug|Any CPU
		Release|Any CPU = Release|Any CPU
	EndGlobalSection
	GlobalSection(ProjectConfigurationPlatforms) = postSolution
		{31676B66-3C75-42B4-BD0A-AC0187032B19}.Debug|Any CPU.ActiveCfg = Debug|Any CPU
		{31676B66-3C75-42B4-BD0A-AC0187032B19}.Debug|Any CPU.Build.0 = Debug|Any CPU
		{31676B66-3C75-42B4-BD0A-AC0187032B19}.Release|Any CPU.ActiveCfg = Release|Any CPU
		{31676B66-3C75-42B4-BD0A-AC0187032B19}.Release|Any CPU.Build.0 = Release|Any CPU
	EndGlobalSection
	GlobalSection(SolutionProperties) = preSolution
		HideSolutionNode = FALSE
	EndGlobalSection
	GlobalSection(ExtensibilityGlobals) = postSolution
		SolutionGuid = {E2FE53DE-2AB4-4631-B4E9-837340C268BE}
	EndGlobalSection
EndGlobal
